
Microsoft Visual Studio Solution File, Format Version 12.00
# Visual Studio 15
Project("{FAE04EC0-301F-11D3-BF4B-00C04F79EFBC}") = "프로그래밍", "프로그래밍.csproj", "{7276D907-2A9D-CBE9-1033-2D1F923448F1}"
EndProject
Global
	GlobalSection(SolutionConfigurationPlatforms) = preSolution
		Debug|Any CPU = Debug|Any CPU
		Release|Any CPU = Release|Any CPU
	EndGlobalSection
	GlobalSection(ProjectConfigurationPlatforms) = postSolution
		{7276D907-2A9D-CBE9-1033-2D1F923448F1}.Debug|Any CPU.ActiveCfg = Debug|Any CPU
		{7276D907-2A9D-CBE9-1033-2D1F923448F1}.Debug|Any CPU.Build.0 = Debug|Any CPU
		{7276D907-2A9D-CBE9-1033-2D1F923448F1}.Release|Any CPU.ActiveCfg = Release|Any CPU
		{7276D907-2A9D-CBE9-1033-2D1F923448F1}.Release|Any CPU.Build.0 = Release|Any CPU
	EndGlobalSection
	GlobalSection(SolutionProperties) = preSolution
		HideSolutionNode = FALSE
	EndGlobalSection
EndGlobal
